
Microsoft Visual Studio Solution File, Format Version 12.00
# Visual Studio Version 16
VisualStudioVersion = 16.0.29318.209
MinimumVisualStudioVersion = 10.0.40219.1
Project("{FAE04EC0-301F-11D3-BF4B-00C04F79EFBC}") = "Socket Client", "Socket Client\Socket Client.csproj", "{6A693F9D-6973-4BAE-93D5-0C80EAEE0DCA}"
EndProject
Global
	GlobalSection(SolutionConfigurationPlatforms) = preSolution
		Debug|Any CPU = Debug|Any CPU
		Release|Any CPU = Release|Any CPU
	EndGlobalSection
	GlobalSection(ProjectConfigurationPlatforms) = postSolution
		{6A693F9D-6973-4BAE-93D5-0C80EAEE0DCA}.Debug|Any CPU.ActiveCfg = Debug|Any CPU
		{6A693F9D-6973-4BAE-93D5-0C80EAEE0DCA}.Debug|Any CPU.Build.0 = Debug|Any CPU
		{6A693F9D-6973-4BAE-93D5-0C80EAEE0DCA}.Release|Any CPU.ActiveCfg = Release|Any CPU
		{6A693F9D-6973-4BAE-93D5-0C80EAEE0DCA}.Release|Any CPU.Build.0 = Release|Any CPU
	EndGlobalSection
	GlobalSection(SolutionProperties) = preSolution
		HideSolutionNode = FALSE
	EndGlobalSection
	GlobalSection(ExtensibilityGlobals) = postSolution
		SolutionGuid = {0EECB1D4-DC34-47AD-928C-084D753D0CB0}
	EndGlobalSection
EndGlobal
